// !$*UTF8*$!
{
	archiveVersion = 1;
	classes = {
	};
	objectVersion = 56;
	objects = {

/* Begin PBXBuildFile section */
		7334739D2AC34C6F007ADD1D /* Prompt.swift in Sources */ = {isa = PBXBuildFile; fileRef = 7334739C2AC34C6E007ADD1D /* Prompt.swift */; };
		7334739F2AC34CF0007ADD1D /* Phrase.swift in Sources */ = {isa = PBXBuildFile; fileRef = 7334739E2AC34CF0007ADD1D /* Phrase.swift */; };
		733473A12AC34E61007ADD1D /* PromptCollectionViewCell.swift in Sources */ = {isa = PBXBuildFile; fileRef = 733473A02AC34E61007ADD1D /* PromptCollectionViewCell.swift */; };
		733473A32AC34ED9007ADD1D /* PromptViewModel.swift in Sources */ = {isa = PBXBuildFile; fileRef = 733473A22AC34ED9007ADD1D /* PromptViewModel.swift */; };
		733473A52AC34F70007ADD1D /* PromptListViewController.swift in Sources */ = {isa = PBXBuildFile; fileRef = 733473A42AC34F70007ADD1D /* PromptListViewController.swift */; };
		733473A72AC35067007ADD1D /* PromptListDelegate.swift in Sources */ = {isa = PBXBuildFile; fileRef = 733473A62AC35067007ADD1D /* PromptListDelegate.swift */; };
		733473A92AC3509F007ADD1D /* PromptDetailViewController.swift in Sources */ = {isa = PBXBuildFile; fileRef = 733473A82AC3509F007ADD1D /* PromptDetailViewController.swift */; };
		733473AB2AC3510E007ADD1D /* CreateEditPromptViewController.swift in Sources */ = {isa = PBXBuildFile; fileRef = 733473AA2AC3510E007ADD1D /* CreateEditPromptViewController.swift */; };
		73F3D9CE2AC202B100BAA186 /* AppDelegate.swift in Sources */ = {isa = PBXBuildFile; fileRef = 73F3D9CD2AC202B100BAA186 /* AppDelegate.swift */; };
		73F3D9D02AC202B100BAA186 /* SceneDelegate.swift in Sources */ = {isa = PBXBuildFile; fileRef = 73F3D9CF2AC202B100BAA186 /* SceneDelegate.swift */; };
		73F3D9D72AC202B300BAA186 /* Assets.xcassets in Resources */ = {isa = PBXBuildFile; fileRef = 73F3D9D62AC202B300BAA186 /* Assets.xcassets */; };
/* End PBXBuildFile section */

/* Begin PBXFileReference section */
		7334739C2AC34C6E007ADD1D /* Prompt.swift */ = {isa = PBXFileReference; lastKnownFileType = sourcecode.swift; path = Prompt.swift; sourceTree = "<group>"; };
		7334739E2AC34CF0007ADD1D /* Phrase.swift */ = {isa = PBXFileReference; lastKnownFileType = sourcecode.swift; path = Phrase.swift; sourceTree = "<group>"; };
		733473A02AC34E61007ADD1D /* PromptCollectionViewCell.swift */ = {isa = PBXFileReference; lastKnownFileType = sourcecode.swift; path = PromptCollectionViewCell.swift; sourceTree = "<group>"; };
		733473A22AC34ED9007ADD1D /* PromptViewModel.swift */ = {isa = PBXFileReference; lastKnownFileType = sourcecode.swift; path = PromptViewModel.swift; sourceTree = "<group>"; };
		733473A42AC34F70007ADD1D /* PromptListViewController.swift */ = {isa = PBXFileReference; lastKnownFileType = sourcecode.swift; path = PromptListViewController.swift; sourceTree = "<group>"; };
		733473A62AC35067007ADD1D /* PromptListDelegate.swift */ = {isa = PBXFileReference; lastKnownFileType = sourcecode.swift; path = PromptListDelegate.swift; sourceTree = "<group>"; };
		733473A82AC3509F007ADD1D /* PromptDetailViewController.swift */ = {isa = PBXFileReference; lastKnownFileType = sourcecode.swift; path = PromptDetailViewController.swift; sourceTree = "<group>"; };
		733473AA2AC3510E007ADD1D /* CreateEditPromptViewController.swift */ = {isa = PBXFileReference; lastKnownFileType = sourcecode.swift; path = CreateEditPromptViewController.swift; sourceTree = "<group>"; };
		73F3D9CA2AC202B100BAA186 /* Nano3.app */ = {isa = PBXFileReference; explicitFileType = wrapper.application; includeInIndex = 0; path = Nano3.app; sourceTree = BUILT_PRODUCTS_DIR; };
		73F3D9CD2AC202B100BAA186 /* AppDelegate.swift */ = {isa = PBXFileReference; lastKnownFileType = sourcecode.swift; path = AppDelegate.swift; sourceTree = "<group>"; };
		73F3D9CF2AC202B100BAA186 /* SceneDelegate.swift */ = {isa = PBXFileReference; lastKnownFileType = sourcecode.swift; path = SceneDelegate.swift; sourceTree = "<group>"; };
		73F3D9D62AC202B300BAA186 /* Assets.xcassets */ = {isa = PBXFileReference; lastKnownFileType = folder.assetcatalog; path = Assets.xcassets; sourceTree = "<group>"; };
		73F3D9DB2AC202B300BAA186 /* Info.plist */ = {isa = PBXFileReference; lastKnownFileType = text.plist.xml; path = Info.plist; sourceTree = "<group>"; };
/* End PBXFileReference section */

/* Begin PBXFrameworksBuildPhase section */
		73F3D9C72AC202B100BAA186 /* Frameworks */ = {
			isa = PBXFrameworksBuildPhase;
			buildActionMask = 2147483647;
			files = (
			);
			runOnlyForDeploymentPostprocessing = 0;
		};
/* End PBXFrameworksBuildPhase section */

/* Begin PBXGroup section */
		73F3D9C12AC202B100BAA186 = {
			isa = PBXGroup;
			children = (
				73F3D9CC2AC202B100BAA186 /* Nano3 */,
				73F3D9CB2AC202B100BAA186 /* Products */,
			);
			sourceTree = "<group>";
		};
		73F3D9CB2AC202B100BAA186 /* Products */ = {
			isa = PBXGroup;
			children = (
				73F3D9CA2AC202B100BAA186 /* Nano3.app */,
			);
			name = Products;
			sourceTree = "<group>";
		};
		73F3D9CC2AC202B100BAA186 /* Nano3 */ = {
			isa = PBXGroup;
			children = (
				73F3D9EB2AC2088700BAA186 /* Delegate */,
				73F3D9E12AC2049300BAA186 /* Model */,
				73F3D9E22AC204A000BAA186 /* View */,
				73F3D9E32AC204A900BAA186 /* ViewModel */,
				73F3D9E42AC204C100BAA186 /* ViewController */,
				73F3D9E52AC204D500BAA186 /* Main */,
				73F3D9E62AC204DF00BAA186 /* Assets */,
				73F3D9D62AC202B300BAA186 /* Assets.xcassets */,
				73F3D9DB2AC202B300BAA186 /* Info.plist */,
			);
			path = Nano3;
			sourceTree = "<group>";
		};
		73F3D9E12AC2049300BAA186 /* Model */ = {
			isa = PBXGroup;
			children = (
				7334739C2AC34C6E007ADD1D /* Prompt.swift */,
				7334739E2AC34CF0007ADD1D /* Phrase.swift */,
			);
			path = Model;
			sourceTree = "<group>";
		};
		73F3D9E22AC204A000BAA186 /* View */ = {
			isa = PBXGroup;
			children = (
				733473A02AC34E61007ADD1D /* PromptCollectionViewCell.swift */,
			);
			path = View;
			sourceTree = "<group>";
		};
		73F3D9E32AC204A900BAA186 /* ViewModel */ = {
			isa = PBXGroup;
			children = (
				733473A22AC34ED9007ADD1D /* PromptViewModel.swift */,
			);
			path = ViewModel;
			sourceTree = "<group>";
		};
		73F3D9E42AC204C100BAA186 /* ViewController */ = {
			isa = PBXGroup;
			children = (
				733473A42AC34F70007ADD1D /* PromptListViewController.swift */,
				733473A82AC3509F007ADD1D /* PromptDetailViewController.swift */,
				733473AA2AC3510E007ADD1D /* CreateEditPromptViewController.swift */,
			);
			path = ViewController;
			sourceTree = "<group>";
		};
		73F3D9E52AC204D500BAA186 /* Main */ = {
			isa = PBXGroup;
			children = (
			);
			path = Main;
			sourceTree = "<group>";
		};
		73F3D9E62AC204DF00BAA186 /* Assets */ = {
			isa = PBXGroup;
			children = (
			);
			path = Assets;
			sourceTree = "<group>";
		};
		73F3D9EB2AC2088700BAA186 /* Delegate */ = {
			isa = PBXGroup;
			children = (
				73F3D9CD2AC202B100BAA186 /* AppDelegate.swift */,
				73F3D9CF2AC202B100BAA186 /* SceneDelegate.swift */,
				733473A62AC35067007ADD1D /* PromptListDelegate.swift */,
			);
			path = Delegate;
			sourceTree = "<group>";
		};
/* End PBXGroup section */

/* Begin PBXNativeTarget section */
		73F3D9C92AC202B100BAA186 /* Nano3 */ = {
			isa = PBXNativeTarget;
			buildConfigurationList = 73F3D9DE2AC202B300BAA186 /* Build configuration list for PBXNativeTarget "Nano3" */;
			buildPhases = (
				73F3D9C62AC202B100BAA186 /* Sources */,
				73F3D9C72AC202B100BAA186 /* Frameworks */,
				73F3D9C82AC202B100BAA186 /* Resources */,
			);
			buildRules = (
			);
			dependencies = (
			);
			name = Nano3;
			productName = Nano3;
			productReference = 73F3D9CA2AC202B100BAA186 /* Nano3.app */;
			productType = "com.apple.product-type.application";
		};
/* End PBXNativeTarget section */

/* Begin PBXProject section */
		73F3D9C22AC202B100BAA186 /* Project object */ = {
			isa = PBXProject;
			attributes = {
				BuildIndependentTargetsInParallel = 1;
				LastSwiftUpdateCheck = 1500;
				LastUpgradeCheck = 1500;
				TargetAttributes = {
					73F3D9C92AC202B100BAA186 = {
						CreatedOnToolsVersion = 15.0;
					};
				};
			};
			buildConfigurationList = 73F3D9C52AC202B100BAA186 /* Build configuration list for PBXProject "Nano3" */;
			compatibilityVersion = "Xcode 14.0";
			developmentRegion = en;
			hasScannedForEncodings = 0;
			knownRegions = (
				en,
				Base,
			);
			mainGroup = 73F3D9C12AC202B100BAA186;
			productRefGroup = 73F3D9CB2AC202B100BAA186 /* Products */;
			projectDirPath = "";
			projectRoot = "";
			targets = (
				73F3D9C92AC202B100BAA186 /* Nano3 */,
			);
		};
/* End PBXProject section */

/* Begin PBXResourcesBuildPhase section */
		73F3D9C82AC202B100BAA186 /* Resources */ = {
			isa = PBXResourcesBuildPhase;
			buildActionMask = 2147483647;
			files = (
				73F3D9D72AC202B300BAA186 /* Assets.xcassets in Resources */,
			);
			runOnlyForDeploymentPostprocessing = 0;
		};
/* End PBXResourcesBuildPhase section */

/* Begin PBXSourcesBuildPhase section */
		73F3D9C62AC202B100BAA186 /* Sources */ = {
			isa = PBXSourcesBuildPhase;
			buildActionMask = 2147483647;
			files = (
				733473A32AC34ED9007ADD1D /* PromptViewModel.swift in Sources */,
				73F3D9CE2AC202B100BAA186 /* AppDelegate.swift in Sources */,
				7334739F2AC34CF0007ADD1D /* Phrase.swift in Sources */,
				733473A72AC35067007ADD1D /* PromptListDelegate.swift in Sources */,
				733473A52AC34F70007ADD1D /* PromptListViewController.swift in Sources */,
				73F3D9D02AC202B100BAA186 /* SceneDelegate.swift in Sources */,
				733473A12AC34E61007ADD1D /* PromptCollectionViewCell.swift in Sources */,
				733473A92AC3509F007ADD1D /* PromptDetailViewController.swift in Sources */,
				733473AB2AC3510E007ADD1D /* CreateEditPromptViewController.swift in Sources */,
				7334739D2AC34C6F007ADD1D /* Prompt.swift in Sources */,
			);
			runOnlyForDeploymentPostprocessing = 0;
		};
/* End PBXSourcesBuildPhase section */

/* Begin XCBuildConfiguration section */
		73F3D9DC2AC202B300BAA186 /* Debug */ = {
			isa = XCBuildConfiguration;
			buildSettings = {
				ALWAYS_SEARCH_USER_PATHS = NO;
				ASSETCATALOG_COMPILER_GENERATE_SWIFT_ASSET_SYMBOL_EXTENSIONS = YES;
				CLANG_ANALYZER_NONNULL = YES;
				CLANG_ANALYZER_NUMBER_OBJECT_CONVERSION = YES_AGGRESSIVE;
				CLANG_CXX_LANGUAGE_STANDARD = "gnu++20";
				CLANG_ENABLE_MODULES = YES;
				CLANG_ENABLE_OBJC_ARC = YES;
				CLANG_ENABLE_OBJC_WEAK = YES;
				CLANG_WARN_BLOCK_CAPTURE_AUTORELEASING = YES;
				CLANG_WARN_BOOL_CONVERSION = YES;
				CLANG_WARN_COMMA = YES;
				CLANG_WARN_CONSTANT_CONVERSION = YES;
				CLANG_WARN_DEPRECATED_OBJC_IMPLEMENTATIONS = YES;
				CLANG_WARN_DIRECT_OBJC_ISA_USAGE = YES_ERROR;
				CLANG_WARN_DOCUMENTATION_COMMENTS = YES;
				CLANG_WARN_EMPTY_BODY = YES;
				CLANG_WARN_ENUM_CONVERSION = YES;
				CLANG_WARN_INFINITE_RECURSION = YES;
				CLANG_WARN_INT_CONVERSION = YES;
				CLANG_WARN_NON_LITERAL_NULL_CONVERSION = YES;
				CLANG_WARN_OBJC_IMPLICIT_RETAIN_SELF = YES;
				CLANG_WARN_OBJC_LITERAL_CONVERSION = YES;
				CLANG_WARN_OBJC_ROOT_CLASS = YES_ERROR;
				CLANG_WARN_QUOTED_INCLUDE_IN_FRAMEWORK_HEADER = YES;
				CLANG_WARN_RANGE_LOOP_ANALYSIS = YES;
				CLANG_WARN_STRICT_PROTOTYPES = YES;
				CLANG_WARN_SUSPICIOUS_MOVE = YES;
				CLANG_WARN_UNGUARDED_AVAILABILITY = YES_AGGRESSIVE;
				CLANG_WARN_UNREACHABLE_CODE = YES;
				CLANG_WARN__DUPLICATE_METHOD_MATCH = YES;
				COPY_PHASE_STRIP = NO;
				DEBUG_INFORMATION_FORMAT = dwarf;
				ENABLE_STRICT_OBJC_MSGSEND = YES;
				ENABLE_TESTABILITY = YES;
				ENABLE_USER_SCRIPT_SANDBOXING = YES;
				GCC_C_LANGUAGE_STANDARD = gnu17;
				GCC_DYNAMIC_NO_PIC = NO;
				GCC_NO_COMMON_BLOCKS = YES;
				GCC_OPTIMIZATION_LEVEL = 0;
				GCC_PREPROCESSOR_DEFINITIONS = (
					"DEBUG=1",
					"$(inherited)",
				);
				GCC_WARN_64_TO_32_BIT_CONVERSION = YES;
				GCC_WARN_ABOUT_RETURN_TYPE = YES_ERROR;
				GCC_WARN_UNDECLARED_SELECTOR = YES;
				GCC_WARN_UNINITIALIZED_AUTOS = YES_AGGRESSIVE;
				GCC_WARN_UNUSED_FUNCTION = YES;
				GCC_WARN_UNUSED_VARIABLE = YES;
				IPHONEOS_DEPLOYMENT_TARGET = 17.0;
				LOCALIZATION_PREFERS_STRING_CATALOGS = YES;
				MTL_ENABLE_DEBUG_INFO = INCLUDE_SOURCE;
				MTL_FAST_MATH = YES;
				ONLY_ACTIVE_ARCH = YES;
				SDKROOT = iphoneos;
				SWIFT_ACTIVE_COMPILATION_CONDITIONS = "DEBUG $(inherited)";
				SWIFT_OPTIMIZATION_LEVEL = "-Onone";
			};
			name = Debug;
		};
		73F3D9DD2AC202B300BAA186 /* Release */ = {
			isa = XCBuildConfiguration;
			buildSettings = {
				ALWAYS_SEARCH_USER_PATHS = NO;
				ASSETCATALOG_COMPILER_GENERATE_SWIFT_ASSET_SYMBOL_EXTENSIONS = YES;
				CLANG_ANALYZER_NONNULL = YES;
				CLANG_ANALYZER_NUMBER_OBJECT_CONVERSION = YES_AGGRESSIVE;
				CLANG_CXX_LANGUAGE_STANDARD = "gnu++20";
				CLANG_ENABLE_MODULES = YES;
				CLANG_ENABLE_OBJC_ARC = YES;
				CLANG_ENABLE_OBJC_WEAK = YES;
				CLANG_WARN_BLOCK_CAPTURE_AUTORELEASING = YES;
				CLANG_WARN_BOOL_CONVERSION = YES;
				CLANG_WARN_COMMA = YES;
				CLANG_WARN_CONSTANT_CONVERSION = YES;
				CLANG_WARN_DEPRECATED_OBJC_IMPLEMENTATIONS = YES;
				CLANG_WARN_DIRECT_OBJC_ISA_USAGE = YES_ERROR;
				CLANG_WARN_DOCUMENTATION_COMMENTS = YES;
				CLANG_WARN_EMPTY_BODY = YES;
				CLANG_WARN_ENUM_CONVERSION = YES;
				CLANG_WARN_INFINITE_RECURSION = YES;
				CLANG_WARN_INT_CONVERSION = YES;
				CLANG_WARN_NON_LITERAL_NULL_CONVERSION = YES;
				CLANG_WARN_OBJC_IMPLICIT_RETAIN_SELF = YES;
				CLANG_WARN_OBJC_LITERAL_CONVERSION = YES;
				CLANG_WARN_OBJC_ROOT_CLASS = YES_ERROR;
				CLANG_WARN_QUOTED_INCLUDE_IN_FRAMEWORK_HEADER = YES;
				CLANG_WARN_RANGE_LOOP_ANALYSIS = YES;
				CLANG_WARN_STRICT_PROTOTYPES = YES;
				CLANG_WARN_SUSPICIOUS_MOVE = YES;
				CLANG_WARN_UNGUARDED_AVAILABILITY = YES_AGGRESSIVE;
				CLANG_WARN_UNREACHABLE_CODE = YES;
				CLANG_WARN__DUPLICATE_METHOD_MATCH = YES;
				COPY_PHASE_STRIP = NO;
				DEBUG_INFORMATION_FORMAT = "dwarf-with-dsym";
				ENABLE_NS_ASSERTIONS = NO;
				ENABLE_STRICT_OBJC_MSGSEND = YES;
				ENABLE_USER_SCRIPT_SANDBOXING = YES;
				GCC_C_LANGUAGE_STANDARD = gnu17;
				GCC_NO_COMMON_BLOCKS = YES;
				GCC_WARN_64_TO_32_BIT_CONVERSION = YES;
				GCC_WARN_ABOUT_RETURN_TYPE = YES_ERROR;
				GCC_WARN_UNDECLARED_SELECTOR = YES;
				GCC_WARN_UNINITIALIZED_AUTOS = YES_AGGRESSIVE;
				GCC_WARN_UNUSED_FUNCTION = YES;
				GCC_WARN_UNUSED_VARIABLE = YES;
				IPHONEOS_DEPLOYMENT_TARGET = 17.0;
				LOCALIZATION_PREFERS_STRING_CATALOGS = YES;
				MTL_ENABLE_DEBUG_INFO = NO;
				MTL_FAST_MATH = YES;
				SDKROOT = iphoneos;
				SWIFT_COMPILATION_MODE = wholemodule;
				VALIDATE_PRODUCT = YES;
			};
			name = Release;
		};
		73F3D9DF2AC202B300BAA186 /* Debug */ = {
			isa = XCBuildConfiguration;
			buildSettings = {
				ASSETCATALOG_COMPILER_APPICON_NAME = AppIcon;
				ASSETCATALOG_COMPILER_GLOBAL_ACCENT_COLOR_NAME = AccentColor;
				CODE_SIGN_STYLE = Automatic;
				CURRENT_PROJECT_VERSION = 1;
				DEVELOPMENT_TEAM = 4X6L65DYQU;
				GENERATE_INFOPLIST_FILE = YES;
				INFOPLIST_FILE = Nano3/Info.plist;
				INFOPLIST_KEY_UIApplicationSupportsIndirectInputEvents = YES;
				INFOPLIST_KEY_UILaunchStoryboardName = LaunchScreen;
				INFOPLIST_KEY_UISupportedInterfaceOrientations_iPad = "UIInterfaceOrientationPortrait UIInterfaceOrientationPortraitUpsideDown UIInterfaceOrientationLandscapeLeft UIInterfaceOrientationLandscapeRight";
				INFOPLIST_KEY_UISupportedInterfaceOrientations_iPhone = "UIInterfaceOrientationPortrait UIInterfaceOrientationLandscapeLeft UIInterfaceOrientationLandscapeRight";
				LD_RUNPATH_SEARCH_PATHS = (
					"$(inherited)",
					"@executable_path/Frameworks",
				);
				MARKETING_VERSION = 1.0;
				PRODUCT_BUNDLE_IDENTIFIER = appledeveloperacademy.Nano3;
				PRODUCT_NAME = "$(TARGET_NAME)";
				SWIFT_EMIT_LOC_STRINGS = YES;
				SWIFT_VERSION = 5.0;
				TARGETED_DEVICE_FAMILY = "1,2";
			};
			name = Debug;
		};
		73F3D9E02AC202B300BAA186 /* Release */ = {
			isa = XCBuildConfiguration;
			buildSettings = {
				ASSETCATALOG_COMPILER_APPICON_NAME = AppIcon;
				ASSETCATALOG_COMPILER_GLOBAL_ACCENT_COLOR_NAME = AccentColor;
				CODE_SIGN_STYLE = Automatic;
				CURRENT_PROJECT_VERSION = 1;
				DEVELOPMENT_TEAM = 4X6L65DYQU;
				GENERATE_INFOPLIST_FILE = YES;
				INFOPLIST_FILE = Nano3/Info.plist;
				INFOPLIST_KEY_UIApplicationSupportsIndirectInputEvents = YES;
				INFOPLIST_KEY_UILaunchStoryboardName = LaunchScreen;
				INFOPLIST_KEY_UISupportedInterfaceOrientations_iPad = "UIInterfaceOrientationPortrait UIInterfaceOrientationPortraitUpsideDown UIInterfaceOrientationLandscapeLeft UIInterfaceOrientationLandscapeRight";
				INFOPLIST_KEY_UISupportedInterfaceOrientations_iPhone = "UIInterfaceOrientationPortrait UIInterfaceOrientationLandscapeLeft UIInterfaceOrientationLandscapeRight";
				LD_RUNPATH_SEARCH_PATHS = (
					"$(inherited)",
					"@executable_path/Frameworks",
				);
				MARKETING_VERSION = 1.0;
				PRODUCT_BUNDLE_IDENTIFIER = appledeveloperacademy.Nano3;
				PRODUCT_NAME = "$(TARGET_NAME)";
				SWIFT_EMIT_LOC_STRINGS = YES;
				SWIFT_VERSION = 5.0;
				TARGETED_DEVICE_FAMILY = "1,2";
			};
			name = Release;
		};
/* End XCBuildConfiguration section */

/* Begin XCConfigurationList section */
		73F3D9C52AC202B100BAA186 /* Build configuration list for PBXProject "Nano3" */ = {
			isa = XCConfigurationList;
			buildConfigurations = (
				73F3D9DC2AC202B300BAA186 /* Debug */,
				73F3D9DD2AC202B300BAA186 /* Release */,
			);
			defaultConfigurationIsVisible = 0;
			defaultConfigurationName = Release;
		};
		73F3D9DE2AC202B300BAA186 /* Build configuration list for PBXNativeTarget "Nano3" */ = {
			isa = XCConfigurationList;
			buildConfigurations = (
				73F3D9DF2AC202B300BAA186 /* Debug */,
				73F3D9E02AC202B300BAA186 /* Release */,
			);
			defaultConfigurationIsVisible = 0;
			defaultConfigurationName = Release;
		};
/* End XCConfigurationList section */
	};
	rootObject = 73F3D9C22AC202B100BAA186 /* Project object */;
}
